// !$*UTF8*$!
{
	archiveVersion = 1;
	classes = {
	};
	objectVersion = 55;
	objects = {

/* Begin PBXBuildFile section */
		4F94CD18F2A47AC0D893272A /* Pods_TDCDemoDJI.framework in Frameworks */ = {isa = PBXBuildFile; fileRef = 4D1A71C1C283A60AD63DD5D2 /* Pods_TDCDemoDJI.framework */; };
		9D21E20B293C6385009BEA65 /* AppDelegate.swift in Sources */ = {isa = PBXBuildFile; fileRef = 9D21E20A293C6385009BEA65 /* AppDelegate.swift */; };
		9D21E20F293C6385009BEA65 /* ViewController.swift in Sources */ = {isa = PBXBuildFile; fileRef = 9D21E20E293C6385009BEA65 /* ViewController.swift */; };
		9D21E212293C6385009BEA65 /* Main.storyboard in Resources */ = {isa = PBXBuildFile; fileRef = 9D21E210293C6385009BEA65 /* Main.storyboard */; };
		9D21E214293C6386009BEA65 /* Assets.xcassets in Resources */ = {isa = PBXBuildFile; fileRef = 9D21E213293C6386009BEA65 /* Assets.xcassets */; };
		9D21E217293C6386009BEA65 /* LaunchScreen.storyboard in Resources */ = {isa = PBXBuildFile; fileRef = 9D21E215293C6386009BEA65 /* LaunchScreen.storyboard */; };
		9D21E222293C6386009BEA65 /* TDCDemoDJITests.swift in Sources */ = {isa = PBXBuildFile; fileRef = 9D21E221293C6386009BEA65 /* TDCDemoDJITests.swift */; };
		9D21E22C293C6386009BEA65 /* TDCDemoDJIUITests.swift in Sources */ = {isa = PBXBuildFile; fileRef = 9D21E22B293C6386009BEA65 /* TDCDemoDJIUITests.swift */; };
		9D21E22E293C6386009BEA65 /* TDCDemoDJIUITestsLaunchTests.swift in Sources */ = {isa = PBXBuildFile; fileRef = 9D21E22D293C6386009BEA65 /* TDCDemoDJIUITestsLaunchTests.swift */; };
		9D21E23B293C6970009BEA65 /* DroneService.swift in Sources */ = {isa = PBXBuildFile; fileRef = 9D21E23A293C6970009BEA65 /* DroneService.swift */; };
		9D4D0497293D882C00A936DA /* FFmpeg.framework in Frameworks */ = {isa = PBXBuildFile; fileRef = 9D4D0496293D882C00A936DA /* FFmpeg.framework */; };
		9D916542293EF7F800EE1E86 /* Marker.swift in Sources */ = {isa = PBXBuildFile; fileRef = 9D916541293EF7F800EE1E86 /* Marker.swift */; };
		9DBC8E9B293CF4630010CC77 /* MissionMapViewController.swift in Sources */ = {isa = PBXBuildFile; fileRef = 9DBC8E9A293CF4630010CC77 /* MissionMapViewController.swift */; };
/* End PBXBuildFile section */

/* Begin PBXContainerItemProxy section */
		9D21E21E293C6386009BEA65 /* PBXContainerItemProxy */ = {
			isa = PBXContainerItemProxy;
			containerPortal = 9D21E1FF293C6385009BEA65 /* Project object */;
			proxyType = 1;
			remoteGlobalIDString = 9D21E206293C6385009BEA65;
			remoteInfo = TDCDemoDJI;
		};
		9D21E228293C6386009BEA65 /* PBXContainerItemProxy */ = {
			isa = PBXContainerItemProxy;
			containerPortal = 9D21E1FF293C6385009BEA65 /* Project object */;
			proxyType = 1;
			remoteGlobalIDString = 9D21E206293C6385009BEA65;
			remoteInfo = TDCDemoDJI;
		};
/* End PBXContainerItemProxy section */

/* Begin PBXFileReference section */
		4D1A71C1C283A60AD63DD5D2 /* Pods_TDCDemoDJI.framework */ = {isa = PBXFileReference; explicitFileType = wrapper.framework; includeInIndex = 0; path = Pods_TDCDemoDJI.framework; sourceTree = BUILT_PRODUCTS_DIR; };
		66141AD40033E4C562F5D3C1 /* Pods-TDCDemoDJI.release.xcconfig */ = {isa = PBXFileReference; includeInIndex = 1; lastKnownFileType = text.xcconfig; name = "Pods-TDCDemoDJI.release.xcconfig"; path = "Target Support Files/Pods-TDCDemoDJI/Pods-TDCDemoDJI.release.xcconfig"; sourceTree = "<group>"; };
		8F6A1D9614D02C264E39887D /* Pods-TDCDemoDJI.debug.xcconfig */ = {isa = PBXFileReference; includeInIndex = 1; lastKnownFileType = text.xcconfig; name = "Pods-TDCDemoDJI.debug.xcconfig"; path = "Target Support Files/Pods-TDCDemoDJI/Pods-TDCDemoDJI.debug.xcconfig"; sourceTree = "<group>"; };
		9D21E207293C6385009BEA65 /* TDCDemoDJI.app */ = {isa = PBXFileReference; explicitFileType = wrapper.application; includeInIndex = 0; path = TDCDemoDJI.app; sourceTree = BUILT_PRODUCTS_DIR; };
		9D21E20A293C6385009BEA65 /* AppDelegate.swift */ = {isa = PBXFileReference; lastKnownFileType = sourcecode.swift; path = AppDelegate.swift; sourceTree = "<group>"; };
		9D21E20E293C6385009BEA65 /* ViewController.swift */ = {isa = PBXFileReference; lastKnownFileType = sourcecode.swift; path = ViewController.swift; sourceTree = "<group>"; };
		9D21E211293C6385009BEA65 /* Base */ = {isa = PBXFileReference; lastKnownFileType = file.storyboard; name = Base; path = Base.lproj/Main.storyboard; sourceTree = "<group>"; };
		9D21E213293C6386009BEA65 /* Assets.xcassets */ = {isa = PBXFileReference; lastKnownFileType = folder.assetcatalog; path = Assets.xcassets; sourceTree = "<group>"; };
		9D21E216293C6386009BEA65 /* Base */ = {isa = PBXFileReference; lastKnownFileType = file.storyboard; name = Base; path = Base.lproj/LaunchScreen.storyboard; sourceTree = "<group>"; };
		9D21E218293C6386009BEA65 /* Info.plist */ = {isa = PBXFileReference; lastKnownFileType = text.plist.xml; path = Info.plist; sourceTree = "<group>"; };
		9D21E21D293C6386009BEA65 /* TDCDemoDJITests.xctest */ = {isa = PBXFileReference; explicitFileType = wrapper.cfbundle; includeInIndex = 0; path = TDCDemoDJITests.xctest; sourceTree = BUILT_PRODUCTS_DIR; };
		9D21E221293C6386009BEA65 /* TDCDemoDJITests.swift */ = {isa = PBXFileReference; lastKnownFileType = sourcecode.swift; path = TDCDemoDJITests.swift; sourceTree = "<group>"; };
		9D21E227293C6386009BEA65 /* TDCDemoDJIUITests.xctest */ = {isa = PBXFileReference; explicitFileType = wrapper.cfbundle; includeInIndex = 0; path = TDCDemoDJIUITests.xctest; sourceTree = BUILT_PRODUCTS_DIR; };
		9D21E22B293C6386009BEA65 /* TDCDemoDJIUITests.swift */ = {isa = PBXFileReference; lastKnownFileType = sourcecode.swift; path = TDCDemoDJIUITests.swift; sourceTree = "<group>"; };
		9D21E22D293C6386009BEA65 /* TDCDemoDJIUITestsLaunchTests.swift */ = {isa = PBXFileReference; lastKnownFileType = sourcecode.swift; path = TDCDemoDJIUITestsLaunchTests.swift; sourceTree = "<group>"; };
		9D21E23A293C6970009BEA65 /* DroneService.swift */ = {isa = PBXFileReference; lastKnownFileType = sourcecode.swift; path = DroneService.swift; sourceTree = "<group>"; };
		9D4D0496293D882C00A936DA /* FFmpeg.framework */ = {isa = PBXFileReference; lastKnownFileType = wrapper.framework; name = FFmpeg.framework; path = Pods/DJIWidget/FFmpeg/FFmpeg.framework; sourceTree = "<group>"; };
		9D916541293EF7F800EE1E86 /* Marker.swift */ = {isa = PBXFileReference; lastKnownFileType = sourcecode.swift; path = Marker.swift; sourceTree = "<group>"; };
		9DBC8E9A293CF4630010CC77 /* MissionMapViewController.swift */ = {isa = PBXFileReference; lastKnownFileType = sourcecode.swift; path = MissionMapViewController.swift; sourceTree = "<group>"; };
/* End PBXFileReference section */

/* Begin PBXFrameworksBuildPhase section */
		9D21E204293C6385009BEA65 /* Frameworks */ = {
			isa = PBXFrameworksBuildPhase;
			buildActionMask = 2147483647;
			files = (
				4F94CD18F2A47AC0D893272A /* Pods_TDCDemoDJI.framework in Frameworks */,
				9D4D0497293D882C00A936DA /* FFmpeg.framework in Frameworks */,
			);
			runOnlyForDeploymentPostprocessing = 0;
		};
		9D21E21A293C6386009BEA65 /* Frameworks */ = {
			isa = PBXFrameworksBuildPhase;
			buildActionMask = 2147483647;
			files = (
			);
			runOnlyForDeploymentPostprocessing = 0;
		};
		9D21E224293C6386009BEA65 /* Frameworks */ = {
			isa = PBXFrameworksBuildPhase;
			buildActionMask = 2147483647;
			files = (
			);
			runOnlyForDeploymentPostprocessing = 0;
		};
/* End PBXFrameworksBuildPhase section */

/* Begin PBXGroup section */
		0688E8CDE29A7B078D2BF22B /* Frameworks */ = {
			isa = PBXGroup;
			children = (
				9D4D0496293D882C00A936DA /* FFmpeg.framework */,
				4D1A71C1C283A60AD63DD5D2 /* Pods_TDCDemoDJI.framework */,
			);
			name = Frameworks;
			sourceTree = "<group>";
		};
		2E9CA9AAA062C0E4E8A0945D /* Pods */ = {
			isa = PBXGroup;
			children = (
				8F6A1D9614D02C264E39887D /* Pods-TDCDemoDJI.debug.xcconfig */,
				66141AD40033E4C562F5D3C1 /* Pods-TDCDemoDJI.release.xcconfig */,
			);
			path = Pods;
			sourceTree = "<group>";
		};
		9D21E1FE293C6385009BEA65 = {
			isa = PBXGroup;
			children = (
				9D21E209293C6385009BEA65 /* TDCDemoDJI */,
				9D21E220293C6386009BEA65 /* TDCDemoDJITests */,
				9D21E22A293C6386009BEA65 /* TDCDemoDJIUITests */,
				9D21E208293C6385009BEA65 /* Products */,
				2E9CA9AAA062C0E4E8A0945D /* Pods */,
				0688E8CDE29A7B078D2BF22B /* Frameworks */,
			);
			sourceTree = "<group>";
		};
		9D21E208293C6385009BEA65 /* Products */ = {
			isa = PBXGroup;
			children = (
				9D21E207293C6385009BEA65 /* TDCDemoDJI.app */,
				9D21E21D293C6386009BEA65 /* TDCDemoDJITests.xctest */,
				9D21E227293C6386009BEA65 /* TDCDemoDJIUITests.xctest */,
			);
			name = Products;
			sourceTree = "<group>";
		};
		9D21E209293C6385009BEA65 /* TDCDemoDJI */ = {
			isa = PBXGroup;
			children = (
				9DBC8E99293CF4400010CC77 /* MissionView */,
				9D21E20A293C6385009BEA65 /* AppDelegate.swift */,
				9D21E20E293C6385009BEA65 /* ViewController.swift */,
				9D21E210293C6385009BEA65 /* Main.storyboard */,
				9D21E213293C6386009BEA65 /* Assets.xcassets */,
				9D21E215293C6386009BEA65 /* LaunchScreen.storyboard */,
				9D21E218293C6386009BEA65 /* Info.plist */,
				9D21E23A293C6970009BEA65 /* DroneService.swift */,
			);
			path = TDCDemoDJI;
			sourceTree = "<group>";
		};
		9D21E220293C6386009BEA65 /* TDCDemoDJITests */ = {
			isa = PBXGroup;
			children = (
				9D21E221293C6386009BEA65 /* TDCDemoDJITests.swift */,
			);
			path = TDCDemoDJITests;
			sourceTree = "<group>";
		};
		9D21E22A293C6386009BEA65 /* TDCDemoDJIUITests */ = {
			isa = PBXGroup;
			children = (
				9D21E22B293C6386009BEA65 /* TDCDemoDJIUITests.swift */,
				9D21E22D293C6386009BEA65 /* TDCDemoDJIUITestsLaunchTests.swift */,
			);
			path = TDCDemoDJIUITests;
			sourceTree = "<group>";
		};
		9DBC8E99293CF4400010CC77 /* MissionView */ = {
			isa = PBXGroup;
			children = (
				9DBC8E9A293CF4630010CC77 /* MissionMapViewController.swift */,
				9D916541293EF7F800EE1E86 /* Marker.swift */,
			);
			path = MissionView;
			sourceTree = "<group>";
		};
/* End PBXGroup section */

/* Begin PBXNativeTarget section */
		9D21E206293C6385009BEA65 /* TDCDemoDJI */ = {
			isa = PBXNativeTarget;
			buildConfigurationList = 9D21E231293C6386009BEA65 /* Build configuration list for PBXNativeTarget "TDCDemoDJI" */;
			buildPhases = (
				EAAB5DC9D579FD00FF4E7845 /* [CP] Check Pods Manifest.lock */,
				9D21E203293C6385009BEA65 /* Sources */,
				9D21E204293C6385009BEA65 /* Frameworks */,
				9D21E205293C6385009BEA65 /* Resources */,
				D8F4DA6C9670479E428B1DD3 /* [CP] Embed Pods Frameworks */,
				223FC7861B40A447DBDC028D /* [CP] Copy Pods Resources */,
			);
			buildRules = (
			);
			dependencies = (
			);
			name = TDCDemoDJI;
			productName = TDCDemoDJI;
			productReference = 9D21E207293C6385009BEA65 /* TDCDemoDJI.app */;
			productType = "com.apple.product-type.application";
		};
		9D21E21C293C6386009BEA65 /* TDCDemoDJITests */ = {
			isa = PBXNativeTarget;
			buildConfigurationList = 9D21E234293C6386009BEA65 /* Build configuration list for PBXNativeTarget "TDCDemoDJITests" */;
			buildPhases = (
				9D21E219293C6386009BEA65 /* Sources */,
				9D21E21A293C6386009BEA65 /* Frameworks */,
				9D21E21B293C6386009BEA65 /* Resources */,
			);
			buildRules = (
			);
			dependencies = (
				9D21E21F293C6386009BEA65 /* PBXTargetDependency */,
			);
			name = TDCDemoDJITests;
			productName = TDCDemoDJITests;
			productReference = 9D21E21D293C6386009BEA65 /* TDCDemoDJITests.xctest */;
			productType = "com.apple.product-type.bundle.unit-test";
		};
		9D21E226293C6386009BEA65 /* TDCDemoDJIUITests */ = {
			isa = PBXNativeTarget;
			buildConfigurationList = 9D21E237293C6386009BEA65 /* Build configuration list for PBXNativeTarget "TDCDemoDJIUITests" */;
			buildPhases = (
				9D21E223293C6386009BEA65 /* Sources */,
				9D21E224293C6386009BEA65 /* Frameworks */,
				9D21E225293C6386009BEA65 /* Resources */,
			);
			buildRules = (
			);
			dependencies = (
				9D21E229293C6386009BEA65 /* PBXTargetDependency */,
			);
			name = TDCDemoDJIUITests;
			productName = TDCDemoDJIUITests;
			productReference = 9D21E227293C6386009BEA65 /* TDCDemoDJIUITests.xctest */;
			productType = "com.apple.product-type.bundle.ui-testing";
		};
/* End PBXNativeTarget section */

/* Begin PBXProject section */
		9D21E1FF293C6385009BEA65 /* Project object */ = {
			isa = PBXProject;
			attributes = {
				BuildIndependentTargetsInParallel = 1;
				LastSwiftUpdateCheck = 1340;
				LastUpgradeCheck = 1340;
				TargetAttributes = {
					9D21E206293C6385009BEA65 = {
						CreatedOnToolsVersion = 13.4.1;
					};
					9D21E21C293C6386009BEA65 = {
						CreatedOnToolsVersion = 13.4.1;
						TestTargetID = 9D21E206293C6385009BEA65;
					};
					9D21E226293C6386009BEA65 = {
						CreatedOnToolsVersion = 13.4.1;
						TestTargetID = 9D21E206293C6385009BEA65;
					};
				};
			};
			buildConfigurationList = 9D21E202293C6385009BEA65 /* Build configuration list for PBXProject "TDCDemoDJI" */;
			compatibilityVersion = "Xcode 13.0";
			developmentRegion = en;
			hasScannedForEncodings = 0;
			knownRegions = (
				en,
				Base,
			);
			mainGroup = 9D21E1FE293C6385009BEA65;
			productRefGroup = 9D21E208293C6385009BEA65 /* Products */;
			projectDirPath = "";
			projectRoot = "";
			targets = (
				9D21E206293C6385009BEA65 /* TDCDemoDJI */,
				9D21E21C293C6386009BEA65 /* TDCDemoDJITests */,
				9D21E226293C6386009BEA65 /* TDCDemoDJIUITests */,
			);
		};
/* End PBXProject section */

/* Begin PBXResourcesBuildPhase section */
		9D21E205293C6385009BEA65 /* Resources */ = {
			isa = PBXResourcesBuildPhase;
			buildActionMask = 2147483647;
			files = (
				9D21E217293C6386009BEA65 /* LaunchScreen.storyboard in Resources */,
				9D21E214293C6386009BEA65 /* Assets.xcassets in Resources */,
				9D21E212293C6385009BEA65 /* Main.storyboard in Resources */,
			);
			runOnlyForDeploymentPostprocessing = 0;
		};
		9D21E21B293C6386009BEA65 /* Resources */ = {
			isa = PBXResourcesBuildPhase;
			buildActionMask = 2147483647;
			files = (
			);
			runOnlyForDeploymentPostprocessing = 0;
		};
		9D21E225293C6386009BEA65 /* Resources */ = {
			isa = PBXResourcesBuildPhase;
			buildActionMask = 2147483647;
			files = (
			);
			runOnlyForDeploymentPostprocessing = 0;
		};
/* End PBXResourcesBuildPhase section */

/* Begin PBXShellScriptBuildPhase section */
		223FC7861B40A447DBDC028D /* [CP] Copy Pods Resources */ = {
			isa = PBXShellScriptBuildPhase;
			buildActionMask = 2147483647;
			files = (
			);
			inputFileListPaths = (
				"${PODS_ROOT}/Target Support Files/Pods-TDCDemoDJI/Pods-TDCDemoDJI-resources-${CONFIGURATION}-input-files.xcfilelist",
			);
			name = "[CP] Copy Pods Resources";
			outputFileListPaths = (
				"${PODS_ROOT}/Target Support Files/Pods-TDCDemoDJI/Pods-TDCDemoDJI-resources-${CONFIGURATION}-output-files.xcfilelist",
			);
			runOnlyForDeploymentPostprocessing = 0;
			shellPath = /bin/sh;
			shellScript = "\"${PODS_ROOT}/Target Support Files/Pods-TDCDemoDJI/Pods-TDCDemoDJI-resources.sh\"\n";
			showEnvVarsInLog = 0;
		};
		D8F4DA6C9670479E428B1DD3 /* [CP] Embed Pods Frameworks */ = {
			isa = PBXShellScriptBuildPhase;
			buildActionMask = 2147483647;
			files = (
			);
			inputFileListPaths = (
				"${PODS_ROOT}/Target Support Files/Pods-TDCDemoDJI/Pods-TDCDemoDJI-frameworks-${CONFIGURATION}-input-files.xcfilelist",
			);
			name = "[CP] Embed Pods Frameworks";
			outputFileListPaths = (
				"${PODS_ROOT}/Target Support Files/Pods-TDCDemoDJI/Pods-TDCDemoDJI-frameworks-${CONFIGURATION}-output-files.xcfilelist",
			);
			runOnlyForDeploymentPostprocessing = 0;
			shellPath = /bin/sh;
			shellScript = "\"${PODS_ROOT}/Target Support Files/Pods-TDCDemoDJI/Pods-TDCDemoDJI-frameworks.sh\"\n";
			showEnvVarsInLog = 0;
		};
		EAAB5DC9D579FD00FF4E7845 /* [CP] Check Pods Manifest.lock */ = {
			isa = PBXShellScriptBuildPhase;
			buildActionMask = 2147483647;
			files = (
			);
			inputFileListPaths = (
			);
			inputPaths = (
				"${PODS_PODFILE_DIR_PATH}/Podfile.lock",
				"${PODS_ROOT}/Manifest.lock",
			);
			name = "[CP] Check Pods Manifest.lock";
			outputFileListPaths = (
			);
			outputPaths = (
				"$(DERIVED_FILE_DIR)/Pods-TDCDemoDJI-checkManifestLockResult.txt",
			);
			runOnlyForDeploymentPostprocessing = 0;
			shellPath = /bin/sh;
			shellScript = "diff \"${PODS_PODFILE_DIR_PATH}/Podfile.lock\" \"${PODS_ROOT}/Manifest.lock\" > /dev/null\nif [ $? != 0 ] ; then\n    # print error to STDERR\n    echo \"error: The sandbox is not in sync with the Podfile.lock. Run 'pod install' or update your CocoaPods installation.\" >&2\n    exit 1\nfi\n# This output is used by Xcode 'outputs' to avoid re-running this script phase.\necho \"SUCCESS\" > \"${SCRIPT_OUTPUT_FILE_0}\"\n";
			showEnvVarsInLog = 0;
		};
/* End PBXShellScriptBuildPhase section */

/* Begin PBXSourcesBuildPhase section */
		9D21E203293C6385009BEA65 /* Sources */ = {
			isa = PBXSourcesBuildPhase;
			buildActionMask = 2147483647;
			files = (
				9D21E20F293C6385009BEA65 /* ViewController.swift in Sources */,
				9DBC8E9B293CF4630010CC77 /* MissionMapViewController.swift in Sources */,
				9D21E20B293C6385009BEA65 /* AppDelegate.swift in Sources */,
				9D21E23B293C6970009BEA65 /* DroneService.swift in Sources */,
				9D916542293EF7F800EE1E86 /* Marker.swift in Sources */,
			);
			runOnlyForDeploymentPostprocessing = 0;
		};
		9D21E219293C6386009BEA65 /* Sources */ = {
			isa = PBXSourcesBuildPhase;
			buildActionMask = 2147483647;
			files = (
				9D21E222293C6386009BEA65 /* TDCDemoDJITests.swift in Sources */,
			);
			runOnlyForDeploymentPostprocessing = 0;
		};
		9D21E223293C6386009BEA65 /* Sources */ = {
			isa = PBXSourcesBuildPhase;
			buildActionMask = 2147483647;
			files = (
				9D21E22C293C6386009BEA65 /* TDCDemoDJIUITests.swift in Sources */,
				9D21E22E293C6386009BEA65 /* TDCDemoDJIUITestsLaunchTests.swift in Sources */,
			);
			runOnlyForDeploymentPostprocessing = 0;
		};
/* End PBXSourcesBuildPhase section */

/* Begin PBXTargetDependency section */
		9D21E21F293C6386009BEA65 /* PBXTargetDependency */ = {
			isa = PBXTargetDependency;
			target = 9D21E206293C6385009BEA65 /* TDCDemoDJI */;
			targetProxy = 9D21E21E293C6386009BEA65 /* PBXContainerItemProxy */;
		};
		9D21E229293C6386009BEA65 /* PBXTargetDependency */ = {
			isa = PBXTargetDependency;
			target = 9D21E206293C6385009BEA65 /* TDCDemoDJI */;
			targetProxy = 9D21E228293C6386009BEA65 /* PBXContainerItemProxy */;
		};
/* End PBXTargetDependency section */

/* Begin PBXVariantGroup section */
		9D21E210293C6385009BEA65 /* Main.storyboard */ = {
			isa = PBXVariantGroup;
			children = (
				9D21E211293C6385009BEA65 /* Base */,
			);
			name = Main.storyboard;
			sourceTree = "<group>";
		};
		9D21E215293C6386009BEA65 /* LaunchScreen.storyboard */ = {
			isa = PBXVariantGroup;
			children = (
				9D21E216293C6386009BEA65 /* Base */,
			);
			name = LaunchScreen.storyboard;
			sourceTree = "<group>";
		};
/* End PBXVariantGroup section */

/* Begin XCBuildConfiguration section */
		9D21E22F293C6386009BEA65 /* Debug */ = {
			isa = XCBuildConfiguration;
			buildSettings = {
				ALWAYS_SEARCH_USER_PATHS = NO;
				CLANG_ANALYZER_NONNULL = YES;
				CLANG_ANALYZER_NUMBER_OBJECT_CONVERSION = YES_AGGRESSIVE;
				CLANG_CXX_LANGUAGE_STANDARD = "gnu++17";
				CLANG_ENABLE_MODULES = YES;
				CLANG_ENABLE_OBJC_ARC = YES;
				CLANG_ENABLE_OBJC_WEAK = YES;
				CLANG_WARN_BLOCK_CAPTURE_AUTORELEASING = YES;
				CLANG_WARN_BOOL_CONVERSION = YES;
				CLANG_WARN_COMMA = YES;
				CLANG_WARN_CONSTANT_CONVERSION = YES;
				CLANG_WARN_DEPRECATED_OBJC_IMPLEMENTATIONS = YES;
				CLANG_WARN_DIRECT_OBJC_ISA_USAGE = YES_ERROR;
				CLANG_WARN_DOCUMENTATION_COMMENTS = YES;
				CLANG_WARN_EMPTY_BODY = YES;
				CLANG_WARN_ENUM_CONVERSION = YES;
				CLANG_WARN_INFINITE_RECURSION = YES;
				CLANG_WARN_INT_CONVERSION = YES;
				CLANG_WARN_NON_LITERAL_NULL_CONVERSION = YES;
				CLANG_WARN_OBJC_IMPLICIT_RETAIN_SELF = YES;
				CLANG_WARN_OBJC_LITERAL_CONVERSION = YES;
				CLANG_WARN_OBJC_ROOT_CLASS = YES_ERROR;
				CLANG_WARN_QUOTED_INCLUDE_IN_FRAMEWORK_HEADER = YES;
				CLANG_WARN_RANGE_LOOP_ANALYSIS = YES;
				CLANG_WARN_STRICT_PROTOTYPES = YES;
				CLANG_WARN_SUSPICIOUS_MOVE = YES;
				CLANG_WARN_UNGUARDED_AVAILABILITY = YES_AGGRESSIVE;
				CLANG_WARN_UNREACHABLE_CODE = YES;
				CLANG_WARN__DUPLICATE_METHOD_MATCH = YES;
				COPY_PHASE_STRIP = NO;
				DEBUG_INFORMATION_FORMAT = dwarf;
				ENABLE_BITCODE = NO;
				ENABLE_STRICT_OBJC_MSGSEND = YES;
				ENABLE_TESTABILITY = YES;
				GCC_C_LANGUAGE_STANDARD = gnu11;
				GCC_DYNAMIC_NO_PIC = NO;
				GCC_NO_COMMON_BLOCKS = YES;
				GCC_OPTIMIZATION_LEVEL = 0;
				GCC_PREPROCESSOR_DEFINITIONS = (
					"DEBUG=1",
					"$(inherited)",
				);
				GCC_WARN_64_TO_32_BIT_CONVERSION = YES;
				GCC_WARN_ABOUT_RETURN_TYPE = YES_ERROR;
				GCC_WARN_UNDECLARED_SELECTOR = YES;
				GCC_WARN_UNINITIALIZED_AUTOS = YES_AGGRESSIVE;
				GCC_WARN_UNUSED_FUNCTION = YES;
				GCC_WARN_UNUSED_VARIABLE = YES;
				IPHONEOS_DEPLOYMENT_TARGET = 13.0;
				MTL_ENABLE_DEBUG_INFO = INCLUDE_SOURCE;
				MTL_FAST_MATH = YES;
				ONLY_ACTIVE_ARCH = YES;
				SDKROOT = iphoneos;
				SWIFT_ACTIVE_COMPILATION_CONDITIONS = DEBUG;
				SWIFT_OPTIMIZATION_LEVEL = "-Onone";
			};
			name = Debug;
		};
		9D21E230293C6386009BEA65 /* Release */ = {
			isa = XCBuildConfiguration;
			buildSettings = {
				ALWAYS_SEARCH_USER_PATHS = NO;
				CLANG_ANALYZER_NONNULL = YES;
				CLANG_ANALYZER_NUMBER_OBJECT_CONVERSION = YES_AGGRESSIVE;
				CLANG_CXX_LANGUAGE_STANDARD = "gnu++17";
				CLANG_ENABLE_MODULES = YES;
				CLANG_ENABLE_OBJC_ARC = YES;
				CLANG_ENABLE_OBJC_WEAK = YES;
				CLANG_WARN_BLOCK_CAPTURE_AUTORELEASING = YES;
				CLANG_WARN_BOOL_CONVERSION = YES;
				CLANG_WARN_COMMA = YES;
				CLANG_WARN_CONSTANT_CONVERSION = YES;
				CLANG_WARN_DEPRECATED_OBJC_IMPLEMENTATIONS = YES;
				CLANG_WARN_DIRECT_OBJC_ISA_USAGE = YES_ERROR;
				CLANG_WARN_DOCUMENTATION_COMMENTS = YES;
				CLANG_WARN_EMPTY_BODY = YES;
				CLANG_WARN_ENUM_CONVERSION = YES;
				CLANG_WARN_INFINITE_RECURSION = YES;
				CLANG_WARN_INT_CONVERSION = YES;
				CLANG_WARN_NON_LITERAL_NULL_CONVERSION = YES;
				CLANG_WARN_OBJC_IMPLICIT_RETAIN_SELF = YES;
				CLANG_WARN_OBJC_LITERAL_CONVERSION = YES;
				CLANG_WARN_OBJC_ROOT_CLASS = YES_ERROR;
				CLANG_WARN_QUOTED_INCLUDE_IN_FRAMEWORK_HEADER = YES;
				CLANG_WARN_RANGE_LOOP_ANALYSIS = YES;
				CLANG_WARN_STRICT_PROTOTYPES = YES;
				CLANG_WARN_SUSPICIOUS_MOVE = YES;
				CLANG_WARN_UNGUARDED_AVAILABILITY = YES_AGGRESSIVE;
				CLANG_WARN_UNREACHABLE_CODE = YES;
				CLANG_WARN__DUPLICATE_METHOD_MATCH = YES;
				COPY_PHASE_STRIP = NO;
				DEBUG_INFORMATION_FORMAT = "dwarf-with-dsym";
				ENABLE_BITCODE = NO;
				ENABLE_NS_ASSERTIONS = NO;
				ENABLE_STRICT_OBJC_MSGSEND = YES;
				GCC_C_LANGUAGE_STANDARD = gnu11;
				GCC_NO_COMMON_BLOCKS = YES;
				GCC_WARN_64_TO_32_BIT_CONVERSION = YES;
				GCC_WARN_ABOUT_RETURN_TYPE = YES_ERROR;
				GCC_WARN_UNDECLARED_SELECTOR = YES;
				GCC_WARN_UNINITIALIZED_AUTOS = YES_AGGRESSIVE;
				GCC_WARN_UNUSED_FUNCTION = YES;
				GCC_WARN_UNUSED_VARIABLE = YES;
				IPHONEOS_DEPLOYMENT_TARGET = 13.0;
				MTL_ENABLE_DEBUG_INFO = NO;
				MTL_FAST_MATH = YES;
				SDKROOT = iphoneos;
				SWIFT_COMPILATION_MODE = wholemodule;
				SWIFT_OPTIMIZATION_LEVEL = "-O";
				VALIDATE_PRODUCT = YES;
			};
			name = Release;
		};
		9D21E232293C6386009BEA65 /* Debug */ = {
			isa = XCBuildConfiguration;
			baseConfigurationReference = 8F6A1D9614D02C264E39887D /* Pods-TDCDemoDJI.debug.xcconfig */;
			buildSettings = {
				ASSETCATALOG_COMPILER_APPICON_NAME = AppIcon;
				ASSETCATALOG_COMPILER_GLOBAL_ACCENT_COLOR_NAME = AccentColor;
				CODE_SIGN_STYLE = Automatic;
				CURRENT_PROJECT_VERSION = 1;
				DEVELOPMENT_TEAM = Z4WCBGWTR5;
				FRAMEWORK_SEARCH_PATHS = (
					"$(inherited)",
					"$(PROJECT_DIR)/Pods/DJIWidget/FFmpeg",
				);
				GENERATE_INFOPLIST_FILE = YES;
				INFOPLIST_FILE = TDCDemoDJI/Info.plist;
				INFOPLIST_KEY_NSBluetoothAlwaysUsageDescription = "Bluetooth is required for communicating with some DJI hardware.";
				INFOPLIST_KEY_NSLocationAlwaysAndWhenInUseUsageDescription = "Gets location of the phone to calculate distance to aircraft";
				INFOPLIST_KEY_NSLocationWhenInUseUsageDescription = "Gets location of the phone to calculate distance to aircraft";
				INFOPLIST_KEY_NSMicrophoneUsageDescription = "This app uses the microphone to record voice messages for broadcasting using the speaker accessory.";
				INFOPLIST_KEY_UIApplicationSupportsIndirectInputEvents = YES;
				INFOPLIST_KEY_UILaunchStoryboardName = LaunchScreen;
				INFOPLIST_KEY_UIMainStoryboardFile = Main;
				INFOPLIST_KEY_UISupportedInterfaceOrientations = "UIInterfaceOrientationLandscapeLeft UIInterfaceOrientationLandscapeRight";
				INFOPLIST_KEY_UISupportedInterfaceOrientations_iPad = "UIInterfaceOrientationLandscapeLeft UIInterfaceOrientationLandscapeRight";
				INFOPLIST_KEY_UISupportedInterfaceOrientations_iPhone = "UIInterfaceOrientationLandscapeLeft UIInterfaceOrientationLandscapeRight";
				IPHONEOS_DEPLOYMENT_TARGET = 13.0;
				LD_RUNPATH_SEARCH_PATHS = (
					"$(inherited)",
					"@executable_path/Frameworks",
				);
				LIBRARY_SEARCH_PATHS = (
					"$(inherited)",
					"$(PROJECT_DIR)/Frameworks/VideoPreviewer/VideoPreviewer/ffmpeg/lib",
				);
				MARKETING_VERSION = 1.0;
				PRODUCT_BUNDLE_IDENTIFIER = br.com.guicolares.TDCDemoDJI;
				PRODUCT_NAME = "$(TARGET_NAME)";
				SWIFT_EMIT_LOC_STRINGS = YES;
				SWIFT_VERSION = 5.0;
				TARGETED_DEVICE_FAMILY = "1,2";
			};
			name = Debug;
		};
		9D21E233293C6386009BEA65 /* Release */ = {
			isa = XCBuildConfiguration;
			baseConfigurationReference = 66141AD40033E4C562F5D3C1 /* Pods-TDCDemoDJI.release.xcconfig */;
			buildSettings = {
				ASSETCATALOG_COMPILER_APPICON_NAME = AppIcon;
				ASSETCATALOG_COMPILER_GLOBAL_ACCENT_COLOR_NAME = AccentColor;
				CODE_SIGN_STYLE = Automatic;
				CURRENT_PROJECT_VERSION = 1;
				DEVELOPMENT_TEAM = Z4WCBGWTR5;
				FRAMEWORK_SEARCH_PATHS = (
					"$(inherited)",
					"$(PROJECT_DIR)/Pods/DJIWidget/FFmpeg",
				);
				GENERATE_INFOPLIST_FILE = YES;
				INFOPLIST_FILE = TDCDemoDJI/Info.plist;
				INFOPLIST_KEY_NSBluetoothAlwaysUsageDescription = "Bluetooth is required for communicating with some DJI hardware.";
				INFOPLIST_KEY_NSLocationAlwaysAndWhenInUseUsageDescription = "Gets location of the phone to calculate distance to aircraft";
				INFOPLIST_KEY_NSLocationWhenInUseUsageDescription = "Gets location of the phone to calculate distance to aircraft";
				INFOPLIST_KEY_NSMicrophoneUsageDescription = "This app uses the microphone to record voice messages for broadcasting using the speaker accessory.";
				INFOPLIST_KEY_UIApplicationSupportsIndirectInputEvents = YES;
				INFOPLIST_KEY_UILaunchStoryboardName = LaunchScreen;
				INFOPLIST_KEY_UIMainStoryboardFile = Main;
				INFOPLIST_KEY_UISupportedInterfaceOrientations = "UIInterfaceOrientationLandscapeLeft UIInterfaceOrientationLandscapeRight";
				INFOPLIST_KEY_UISupportedInterfaceOrientations_iPad = "UIInterfaceOrientationLandscapeLeft UIInterfaceOrientationLandscapeRight";
				INFOPLIST_KEY_UISupportedInterfaceOrientations_iPhone = "UIInterfaceOrientationLandscapeLeft UIInterfaceOrientationLandscapeRight";
				IPHONEOS_DEPLOYMENT_TARGET = 13.0;
				LD_RUNPATH_SEARCH_PATHS = (
					"$(inherited)",
					"@executable_path/Frameworks",
				);
				LIBRARY_SEARCH_PATHS = (
					"$(inherited)",
					"$(PROJECT_DIR)/Frameworks/VideoPreviewer/VideoPreviewer/ffmpeg/lib",
				);
				MARKETING_VERSION = 1.0;
				PRODUCT_BUNDLE_IDENTIFIER = br.com.guicolares.TDCDemoDJI;
				PRODUCT_NAME = "$(TARGET_NAME)";
				SWIFT_EMIT_LOC_STRINGS = YES;
				SWIFT_VERSION = 5.0;
				TARGETED_DEVICE_FAMILY = "1,2";
			};
			name = Release;
		};
		9D21E235293C6386009BEA65 /* Debug */ = {
			isa = XCBuildConfiguration;
			buildSettings = {
				ALWAYS_EMBED_SWIFT_STANDARD_LIBRARIES = YES;
				BUNDLE_LOADER = "$(TEST_HOST)";
				CODE_SIGN_STYLE = Automatic;
				CURRENT_PROJECT_VERSION = 1;
				DEVELOPMENT_TEAM = Z4WCBGWTR5;
				GENERATE_INFOPLIST_FILE = YES;
				IPHONEOS_DEPLOYMENT_TARGET = 15.5;
				MARKETING_VERSION = 1.0;
				PRODUCT_BUNDLE_IDENTIFIER = br.com.guicolares.TDCDemoDJITests;
				PRODUCT_NAME = "$(TARGET_NAME)";
				SWIFT_EMIT_LOC_STRINGS = NO;
				SWIFT_VERSION = 5.0;
				TARGETED_DEVICE_FAMILY = "1,2";
				TEST_HOST = "$(BUILT_PRODUCTS_DIR)/TDCDemoDJI.app/TDCDemoDJI";
			};
			name = Debug;
		};
		9D21E236293C6386009BEA65 /* Release */ = {
			isa = XCBuildConfiguration;
			buildSettings = {
				ALWAYS_EMBED_SWIFT_STANDARD_LIBRARIES = YES;
				BUNDLE_LOADER = "$(TEST_HOST)";
				CODE_SIGN_STYLE = Automatic;
				CURRENT_PROJECT_VERSION = 1;
				DEVELOPMENT_TEAM = Z4WCBGWTR5;
				GENERATE_INFOPLIST_FILE = YES;
				IPHONEOS_DEPLOYMENT_TARGET = 15.5;
				MARKETING_VERSION = 1.0;
				PRODUCT_BUNDLE_IDENTIFIER = br.com.guicolares.TDCDemoDJITests;
				PRODUCT_NAME = "$(TARGET_NAME)";
				SWIFT_EMIT_LOC_STRINGS = NO;
				SWIFT_VERSION = 5.0;
				TARGETED_DEVICE_FAMILY = "1,2";
				TEST_HOST = "$(BUILT_PRODUCTS_DIR)/TDCDemoDJI.app/TDCDemoDJI";
			};
			name = Release;
		};
		9D21E238293C6386009BEA65 /* Debug */ = {
			isa = XCBuildConfiguration;
			buildSettings = {
				ALWAYS_EMBED_SWIFT_STANDARD_LIBRARIES = YES;
				CODE_SIGN_STYLE = Automatic;
				CURRENT_PROJECT_VERSION = 1;
				DEVELOPMENT_TEAM = Z4WCBGWTR5;
				GENERATE_INFOPLIST_FILE = YES;
				MARKETING_VERSION = 1.0;
				PRODUCT_BUNDLE_IDENTIFIER = br.com.guicolares.TDCDemoDJIUITests;
				PRODUCT_NAME = "$(TARGET_NAME)";
				SWIFT_EMIT_LOC_STRINGS = NO;
				SWIFT_VERSION = 5.0;
				TARGETED_DEVICE_FAMILY = "1,2";
				TEST_TARGET_NAME = TDCDemoDJI;
			};
			name = Debug;
		};
		9D21E239293C6386009BEA65 /* Release */ = {
			isa = XCBuildConfiguration;
			buildSettings = {
				ALWAYS_EMBED_SWIFT_STANDARD_LIBRARIES = YES;
				CODE_SIGN_STYLE = Automatic;
				CURRENT_PROJECT_VERSION = 1;
				DEVELOPMENT_TEAM = Z4WCBGWTR5;
				GENERATE_INFOPLIST_FILE = YES;
				MARKETING_VERSION = 1.0;
				PRODUCT_BUNDLE_IDENTIFIER = br.com.guicolares.TDCDemoDJIUITests;
				PRODUCT_NAME = "$(TARGET_NAME)";
				SWIFT_EMIT_LOC_STRINGS = NO;
				SWIFT_VERSION = 5.0;
				TARGETED_DEVICE_FAMILY = "1,2";
				TEST_TARGET_NAME = TDCDemoDJI;
			};
			name = Release;
		};
/* End XCBuildConfiguration section */

/* Begin XCConfigurationList section */
		9D21E202293C6385009BEA65 /* Build configuration list for PBXProject "TDCDemoDJI" */ = {
			isa = XCConfigurationList;
			buildConfigurations = (
				9D21E22F293C6386009BEA65 /* Debug */,
				9D21E230293C6386009BEA65 /* Release */,
			);
			defaultConfigurationIsVisible = 0;
			defaultConfigurationName = Release;
		};
		9D21E231293C6386009BEA65 /* Build configuration list for PBXNativeTarget "TDCDemoDJI" */ = {
			isa = XCConfigurationList;
			buildConfigurations = (
				9D21E232293C6386009BEA65 /* Debug */,
				9D21E233293C6386009BEA65 /* Release */,
			);
			defaultConfigurationIsVisible = 0;
			defaultConfigurationName = Release;
		};
		9D21E234293C6386009BEA65 /* Build configuration list for PBXNativeTarget "TDCDemoDJITests" */ = {
			isa = XCConfigurationList;
			buildConfigurations = (
				9D21E235293C6386009BEA65 /* Debug */,
				9D21E236293C6386009BEA65 /* Release */,
			);
			defaultConfigurationIsVisible = 0;
			defaultConfigurationName = Release;
		};
		9D21E237293C6386009BEA65 /* Build configuration list for PBXNativeTarget "TDCDemoDJIUITests" */ = {
			isa = XCConfigurationList;
			buildConfigurations = (
				9D21E238293C6386009BEA65 /* Debug */,
				9D21E239293C6386009BEA65 /* Release */,
			);
			defaultConfigurationIsVisible = 0;
			defaultConfigurationName = Release;
		};
/* End XCConfigurationList section */
	};
	rootObject = 9D21E1FF293C6385009BEA65 /* Project object */;
}
